// !$*UTF8*$!
{
	archiveVersion = 1;
	classes = {
	};
	objectVersion = 46;
	objects = {

/* Begin PBXBuildFile section */
		A57CDA6919B8D0CD00D3B5C9 /* market.xml in Resources */ = {isa = PBXBuildFile; fileRef = A57CDA6819B8D0CD00D3B5C9 /* market.xml */; };
		A595DF9C199BB97400DEA300 /* Foundation.framework in Frameworks */ = {isa = PBXBuildFile; fileRef = A595DF9B199BB97400DEA300 /* Foundation.framework */; };
		A595DF9E199BB97400DEA300 /* CoreGraphics.framework in Frameworks */ = {isa = PBXBuildFile; fileRef = A595DF9D199BB97400DEA300 /* CoreGraphics.framework */; };
		A595DFA0199BB97400DEA300 /* UIKit.framework in Frameworks */ = {isa = PBXBuildFile; fileRef = A595DF9F199BB97400DEA300 /* UIKit.framework */; };
		A595DFA6199BB97400DEA300 /* InfoPlist.strings in Resources */ = {isa = PBXBuildFile; fileRef = A595DFA4199BB97400DEA300 /* InfoPlist.strings */; };
		A595DFA8199BB97400DEA300 /* main.m in Sources */ = {isa = PBXBuildFile; fileRef = A595DFA7199BB97400DEA300 /* main.m */; };
		A595DFAC199BB97400DEA300 /* GUAppDelegate.m in Sources */ = {isa = PBXBuildFile; fileRef = A595DFAB199BB97400DEA300 /* GUAppDelegate.m */; };
		A595DFAF199BB97400DEA300 /* Main_iPhone.storyboard in Resources */ = {isa = PBXBuildFile; fileRef = A595DFAD199BB97400DEA300 /* Main_iPhone.storyboard */; };
		A595DFB2199BB97400DEA300 /* Main_iPad.storyboard in Resources */ = {isa = PBXBuildFile; fileRef = A595DFB0199BB97400DEA300 /* Main_iPad.storyboard */; };
		A595DFB5199BB97400DEA300 /* GUViewController.m in Sources */ = {isa = PBXBuildFile; fileRef = A595DFB4199BB97400DEA300 /* GUViewController.m */; };
		A595DFB7199BB97400DEA300 /* Images.xcassets in Resources */ = {isa = PBXBuildFile; fileRef = A595DFB6199BB97400DEA300 /* Images.xcassets */; };
		A595DFBE199BB97400DEA300 /* XCTest.framework in Frameworks */ = {isa = PBXBuildFile; fileRef = A595DFBD199BB97400DEA300 /* XCTest.framework */; };
		A595DFBF199BB97400DEA300 /* Foundation.framework in Frameworks */ = {isa = PBXBuildFile; fileRef = A595DF9B199BB97400DEA300 /* Foundation.framework */; };
		A595DFC0199BB97400DEA300 /* UIKit.framework in Frameworks */ = {isa = PBXBuildFile; fileRef = A595DF9F199BB97400DEA300 /* UIKit.framework */; };
		A595DFC8199BB97400DEA300 /* InfoPlist.strings in Resources */ = {isa = PBXBuildFile; fileRef = A595DFC6199BB97400DEA300 /* InfoPlist.strings */; };
		A595DFCA199BB97400DEA300 /* layoutTests.m in Sources */ = {isa = PBXBuildFile; fileRef = A595DFC9199BB97400DEA300 /* layoutTests.m */; };
		A595DFD4199BBA8000DEA300 /* Home.xml in Resources */ = {isa = PBXBuildFile; fileRef = A595DFD3199BBA8000DEA300 /* Home.xml */; };
		A595DFD7199BBACF00DEA300 /* GUFrameLayout.m in Sources */ = {isa = PBXBuildFile; fileRef = A595DFD6199BBACF00DEA300 /* GUFrameLayout.m */; };
		A595DFDC199BC22400DEA300 /* ReplativeLayout.xml in Resources */ = {isa = PBXBuildFile; fileRef = A595DFDB199BC22400DEA300 /* ReplativeLayout.xml */; };
		A595DFDF199BC75300DEA300 /* RelativeLayout.m in Sources */ = {isa = PBXBuildFile; fileRef = A595DFDE199BC75300DEA300 /* RelativeLayout.m */; };
		A595DFE5199BC83B00DEA300 /* GUView.m in Sources */ = {isa = PBXBuildFile; fileRef = A595DFE4199BC83B00DEA300 /* GUView.m */; };
		A595DFE8199BD0B000DEA300 /* LayoutParams.m in Sources */ = {isa = PBXBuildFile; fileRef = A595DFE7199BD0B000DEA300 /* LayoutParams.m */; };
		A5B7494E19BA9D5F00CE5661 /* GUExpression.m in Sources */ = {isa = PBXBuildFile; fileRef = A5B7494D19BA9D5F00CE5661 /* GUExpression.m */; };
		A5B7495119BABCCE00CE5661 /* NSURL+Parameters.m in Sources */ = {isa = PBXBuildFile; fileRef = A5B7495019BABCCE00CE5661 /* NSURL+Parameters.m */; };
		A5CEE73719BAC70F004E24C1 /* GUImageFetcher.m in Sources */ = {isa = PBXBuildFile; fileRef = A5CEE73619BAC70F004E24C1 /* GUImageFetcher.m */; };
		CE46777519B5EA0F004D1B04 /* UIView+MathLayout.m in Sources */ = {isa = PBXBuildFile; fileRef = CE46777419B5EA0F004D1B04 /* UIView+MathLayout.m */; };
		CE50C99819B474F8000B7258 /* ViewInfalter.m in Sources */ = {isa = PBXBuildFile; fileRef = CE50C99719B474F8000B7258 /* ViewInfalter.m */; };
		CE526F9419C0730800FA685A /* GUTemplate.m in Sources */ = {isa = PBXBuildFile; fileRef = CE526F9319C0730800FA685A /* GUTemplate.m */; };
		CE6FCDA619B9928300D1A400 /* UIFont+Puti.m in Sources */ = {isa = PBXBuildFile; fileRef = CE6FCDA519B9928300D1A400 /* UIFont+Puti.m */; };
		CE6FCDA819B9A2EA00D1A400 /* Puti.xml in Resources */ = {isa = PBXBuildFile; fileRef = CE6FCDA719B9A2EA00D1A400 /* Puti.xml */; };
		CE6FCDAB19B9A6FA00D1A400 /* GUPerson.m in Sources */ = {isa = PBXBuildFile; fileRef = CE6FCDAA19B9A6FA00D1A400 /* GUPerson.m */; };
		CEA8701E19B8B4130051C704 /* GUViewFactory.m in Sources */ = {isa = PBXBuildFile; fileRef = CEA8701D19B8B4130051C704 /* GUViewFactory.m */; };
		CEA8702019B8BED20051C704 /* layout.xml in Resources */ = {isa = PBXBuildFile; fileRef = CEA8701F19B8BED20051C704 /* layout.xml */; };
		CEAD29CB19B80EC80087B151 /* UIColor+HexString.m in Sources */ = {isa = PBXBuildFile; fileRef = CEAD29CA19B80EC80087B151 /* UIColor+HexString.m */; };
		CEAD29CF19B8190B0087B151 /* GUButton.m in Sources */ = {isa = PBXBuildFile; fileRef = CEAD29CE19B8190B0087B151 /* GUButton.m */; };
		CEAD29D219B833260087B151 /* GUTextView.m in Sources */ = {isa = PBXBuildFile; fileRef = CEAD29D119B833260087B151 /* GUTextView.m */; };
		CEAD29D519B83BF40087B151 /* GUImageView.m in Sources */ = {isa = PBXBuildFile; fileRef = CEAD29D419B83BF40087B151 /* GUImageView.m */; };
		CEAD29D919B89EA70087B151 /* note.xsd in Resources */ = {isa = PBXBuildFile; fileRef = CEAD29D819B89EA70087B151 /* note.xsd */; };
		CEAD29DB19B89EC20087B151 /* note.xml in Resources */ = {isa = PBXBuildFile; fileRef = CEAD29DA19B89EC20087B151 /* note.xml */; };
		CEAD29DD19B89F220087B151 /* note.dtd in Resources */ = {isa = PBXBuildFile; fileRef = CEAD29DC19B89F220087B151 /* note.dtd */; };
		CEF7633119C1C69C004714C6 /* GUViewBinder.m in Sources */ = {isa = PBXBuildFile; fileRef = CEF7633019C1C69C004714C6 /* GUViewBinder.m */; };
		CEF7633419C1C6EA004714C6 /* GUDataBinder.m in Sources */ = {isa = PBXBuildFile; fileRef = CEF7633319C1C6EA004714C6 /* GUDataBinder.m */; };
/* End PBXBuildFile section */

/* Begin PBXContainerItemProxy section */
		A595DFC1199BB97400DEA300 /* PBXContainerItemProxy */ = {
			isa = PBXContainerItemProxy;
			containerPortal = A595DF90199BB97400DEA300 /* Project object */;
			proxyType = 1;
			remoteGlobalIDString = A595DF97199BB97400DEA300;
			remoteInfo = layout;
		};
/* End PBXContainerItemProxy section */

/* Begin PBXFileReference section */
		A57CDA6819B8D0CD00D3B5C9 /* market.xml */ = {isa = PBXFileReference; fileEncoding = 4; lastKnownFileType = text.xml; path = market.xml; sourceTree = "<group>"; };
		A595DF98199BB97400DEA300 /* layout.app */ = {isa = PBXFileReference; explicitFileType = wrapper.application; includeInIndex = 0; path = layout.app; sourceTree = BUILT_PRODUCTS_DIR; };
		A595DF9B199BB97400DEA300 /* Foundation.framework */ = {isa = PBXFileReference; lastKnownFileType = wrapper.framework; name = Foundation.framework; path = System/Library/Frameworks/Foundation.framework; sourceTree = SDKROOT; };
		A595DF9D199BB97400DEA300 /* CoreGraphics.framework */ = {isa = PBXFileReference; lastKnownFileType = wrapper.framework; name = CoreGraphics.framework; path = System/Library/Frameworks/CoreGraphics.framework; sourceTree = SDKROOT; };
		A595DF9F199BB97400DEA300 /* UIKit.framework */ = {isa = PBXFileReference; lastKnownFileType = wrapper.framework; name = UIKit.framework; path = System/Library/Frameworks/UIKit.framework; sourceTree = SDKROOT; };
		A595DFA3199BB97400DEA300 /* layout-Info.plist */ = {isa = PBXFileReference; lastKnownFileType = text.plist.xml; path = "layout-Info.plist"; sourceTree = "<group>"; };
		A595DFA5199BB97400DEA300 /* en */ = {isa = PBXFileReference; lastKnownFileType = text.plist.strings; name = en; path = en.lproj/InfoPlist.strings; sourceTree = "<group>"; };
		A595DFA7199BB97400DEA300 /* main.m */ = {isa = PBXFileReference; lastKnownFileType = sourcecode.c.objc; path = main.m; sourceTree = "<group>"; };
		A595DFA9199BB97400DEA300 /* layout-Prefix.pch */ = {isa = PBXFileReference; lastKnownFileType = sourcecode.c.h; path = "layout-Prefix.pch"; sourceTree = "<group>"; };
		A595DFAA199BB97400DEA300 /* GUAppDelegate.h */ = {isa = PBXFileReference; lastKnownFileType = sourcecode.c.h; path = GUAppDelegate.h; sourceTree = "<group>"; };
		A595DFAB199BB97400DEA300 /* GUAppDelegate.m */ = {isa = PBXFileReference; lastKnownFileType = sourcecode.c.objc; path = GUAppDelegate.m; sourceTree = "<group>"; };
		A595DFAE199BB97400DEA300 /* Base */ = {isa = PBXFileReference; lastKnownFileType = file.storyboard; name = Base; path = Base.lproj/Main_iPhone.storyboard; sourceTree = "<group>"; };
		A595DFB1199BB97400DEA300 /* Base */ = {isa = PBXFileReference; lastKnownFileType = file.storyboard; name = Base; path = Base.lproj/Main_iPad.storyboard; sourceTree = "<group>"; };
		A595DFB3199BB97400DEA300 /* GUViewController.h */ = {isa = PBXFileReference; lastKnownFileType = sourcecode.c.h; path = GUViewController.h; sourceTree = "<group>"; };
		A595DFB4199BB97400DEA300 /* GUViewController.m */ = {isa = PBXFileReference; lastKnownFileType = sourcecode.c.objc; path = GUViewController.m; sourceTree = "<group>"; };
		A595DFB6199BB97400DEA300 /* Images.xcassets */ = {isa = PBXFileReference; lastKnownFileType = folder.assetcatalog; path = Images.xcassets; sourceTree = "<group>"; };
		A595DFBC199BB97400DEA300 /* layoutTests.xctest */ = {isa = PBXFileReference; explicitFileType = wrapper.cfbundle; includeInIndex = 0; path = layoutTests.xctest; sourceTree = BUILT_PRODUCTS_DIR; };
		A595DFBD199BB97400DEA300 /* XCTest.framework */ = {isa = PBXFileReference; lastKnownFileType = wrapper.framework; name = XCTest.framework; path = Library/Frameworks/XCTest.framework; sourceTree = DEVELOPER_DIR; };
		A595DFC5199BB97400DEA300 /* layoutTests-Info.plist */ = {isa = PBXFileReference; lastKnownFileType = text.plist.xml; path = "layoutTests-Info.plist"; sourceTree = "<group>"; };
		A595DFC7199BB97400DEA300 /* en */ = {isa = PBXFileReference; lastKnownFileType = text.plist.strings; name = en; path = en.lproj/InfoPlist.strings; sourceTree = "<group>"; };
		A595DFC9199BB97400DEA300 /* layoutTests.m */ = {isa = PBXFileReference; lastKnownFileType = sourcecode.c.objc; path = layoutTests.m; sourceTree = "<group>"; };
		A595DFD3199BBA8000DEA300 /* Home.xml */ = {isa = PBXFileReference; fileEncoding = 4; lastKnownFileType = text.xml; path = Home.xml; sourceTree = "<group>"; };
		A595DFD5199BBACF00DEA300 /* GUFrameLayout.h */ = {isa = PBXFileReference; fileEncoding = 4; lastKnownFileType = sourcecode.c.h; path = GUFrameLayout.h; sourceTree = "<group>"; };
		A595DFD6199BBACF00DEA300 /* GUFrameLayout.m */ = {isa = PBXFileReference; fileEncoding = 4; lastKnownFileType = sourcecode.c.objc; path = GUFrameLayout.m; sourceTree = "<group>"; };
		A595DFDB199BC22400DEA300 /* ReplativeLayout.xml */ = {isa = PBXFileReference; fileEncoding = 4; lastKnownFileType = text.xml; path = ReplativeLayout.xml; sourceTree = "<group>"; };
		A595DFDD199BC75300DEA300 /* RelativeLayout.h */ = {isa = PBXFileReference; fileEncoding = 4; lastKnownFileType = sourcecode.c.h; path = RelativeLayout.h; sourceTree = "<group>"; };
		A595DFDE199BC75300DEA300 /* RelativeLayout.m */ = {isa = PBXFileReference; fileEncoding = 4; lastKnownFileType = sourcecode.c.objc; path = RelativeLayout.m; sourceTree = "<group>"; };
		A595DFE3199BC83B00DEA300 /* GUView.h */ = {isa = PBXFileReference; fileEncoding = 4; lastKnownFileType = sourcecode.c.h; path = GUView.h; sourceTree = "<group>"; };
		A595DFE4199BC83B00DEA300 /* GUView.m */ = {isa = PBXFileReference; fileEncoding = 4; lastKnownFileType = sourcecode.c.objc; path = GUView.m; sourceTree = "<group>"; };
		A595DFE6199BD0B000DEA300 /* LayoutParams.h */ = {isa = PBXFileReference; fileEncoding = 4; lastKnownFileType = sourcecode.c.h; path = LayoutParams.h; sourceTree = "<group>"; };
		A595DFE7199BD0B000DEA300 /* LayoutParams.m */ = {isa = PBXFileReference; fileEncoding = 4; lastKnownFileType = sourcecode.c.objc; path = LayoutParams.m; sourceTree = "<group>"; };
		A5B7494C19BA9D5F00CE5661 /* GUExpression.h */ = {isa = PBXFileReference; fileEncoding = 4; lastKnownFileType = sourcecode.c.h; path = GUExpression.h; sourceTree = "<group>"; };
		A5B7494D19BA9D5F00CE5661 /* GUExpression.m */ = {isa = PBXFileReference; fileEncoding = 4; lastKnownFileType = sourcecode.c.objc; path = GUExpression.m; sourceTree = "<group>"; };
		A5B7494F19BABCCE00CE5661 /* NSURL+Parameters.h */ = {isa = PBXFileReference; fileEncoding = 4; lastKnownFileType = sourcecode.c.h; path = "NSURL+Parameters.h"; sourceTree = "<group>"; };
		A5B7495019BABCCE00CE5661 /* NSURL+Parameters.m */ = {isa = PBXFileReference; fileEncoding = 4; lastKnownFileType = sourcecode.c.objc; path = "NSURL+Parameters.m"; sourceTree = "<group>"; };
		A5CEE73519BAC70F004E24C1 /* GUImageFetcher.h */ = {isa = PBXFileReference; fileEncoding = 4; lastKnownFileType = sourcecode.c.h; path = GUImageFetcher.h; sourceTree = "<group>"; };
		A5CEE73619BAC70F004E24C1 /* GUImageFetcher.m */ = {isa = PBXFileReference; fileEncoding = 4; lastKnownFileType = sourcecode.c.objc; path = GUImageFetcher.m; sourceTree = "<group>"; };
		CE46777319B5EA0F004D1B04 /* UIView+MathLayout.h */ = {isa = PBXFileReference; fileEncoding = 4; lastKnownFileType = sourcecode.c.h; path = "UIView+MathLayout.h"; sourceTree = "<group>"; };
		CE46777419B5EA0F004D1B04 /* UIView+MathLayout.m */ = {isa = PBXFileReference; fileEncoding = 4; lastKnownFileType = sourcecode.c.objc; path = "UIView+MathLayout.m"; sourceTree = "<group>"; };
		CE50C99619B474F8000B7258 /* ViewInfalter.h */ = {isa = PBXFileReference; fileEncoding = 4; lastKnownFileType = sourcecode.c.h; path = ViewInfalter.h; sourceTree = "<group>"; };
		CE50C99719B474F8000B7258 /* ViewInfalter.m */ = {isa = PBXFileReference; fileEncoding = 4; lastKnownFileType = sourcecode.c.objc; path = ViewInfalter.m; sourceTree = "<group>"; };
		CE526F9219C0730800FA685A /* GUTemplate.h */ = {isa = PBXFileReference; fileEncoding = 4; lastKnownFileType = sourcecode.c.h; path = GUTemplate.h; sourceTree = "<group>"; };
		CE526F9319C0730800FA685A /* GUTemplate.m */ = {isa = PBXFileReference; fileEncoding = 4; lastKnownFileType = sourcecode.c.objc; path = GUTemplate.m; sourceTree = "<group>"; };
		CE6FCDA419B9928300D1A400 /* UIFont+Puti.h */ = {isa = PBXFileReference; fileEncoding = 4; lastKnownFileType = sourcecode.c.h; path = "UIFont+Puti.h"; sourceTree = "<group>"; };
		CE6FCDA519B9928300D1A400 /* UIFont+Puti.m */ = {isa = PBXFileReference; fileEncoding = 4; lastKnownFileType = sourcecode.c.objc; path = "UIFont+Puti.m"; sourceTree = "<group>"; };
		CE6FCDA719B9A2EA00D1A400 /* Puti.xml */ = {isa = PBXFileReference; fileEncoding = 4; lastKnownFileType = text.xml; path = Puti.xml; sourceTree = "<group>"; };
		CE6FCDA919B9A6FA00D1A400 /* GUPerson.h */ = {isa = PBXFileReference; fileEncoding = 4; lastKnownFileType = sourcecode.c.h; path = GUPerson.h; sourceTree = "<group>"; };
		CE6FCDAA19B9A6FA00D1A400 /* GUPerson.m */ = {isa = PBXFileReference; fileEncoding = 4; lastKnownFileType = sourcecode.c.objc; path = GUPerson.m; sourceTree = "<group>"; };
		CEA8701C19B8B4130051C704 /* GUViewFactory.h */ = {isa = PBXFileReference; fileEncoding = 4; lastKnownFileType = sourcecode.c.h; path = GUViewFactory.h; sourceTree = "<group>"; };
		CEA8701D19B8B4130051C704 /* GUViewFactory.m */ = {isa = PBXFileReference; fileEncoding = 4; lastKnownFileType = sourcecode.c.objc; path = GUViewFactory.m; sourceTree = "<group>"; };
		CEA8701F19B8BED20051C704 /* layout.xml */ = {isa = PBXFileReference; fileEncoding = 4; lastKnownFileType = text.xml; path = layout.xml; sourceTree = "<group>"; };
		CEAD29C919B80EC80087B151 /* UIColor+HexString.h */ = {isa = PBXFileReference; fileEncoding = 4; lastKnownFileType = sourcecode.c.h; path = "UIColor+HexString.h"; sourceTree = "<group>"; };
		CEAD29CA19B80EC80087B151 /* UIColor+HexString.m */ = {isa = PBXFileReference; fileEncoding = 4; lastKnownFileType = sourcecode.c.objc; path = "UIColor+HexString.m"; sourceTree = "<group>"; };
		CEAD29CD19B8190B0087B151 /* GUButton.h */ = {isa = PBXFileReference; fileEncoding = 4; lastKnownFileType = sourcecode.c.h; path = GUButton.h; sourceTree = "<group>"; };
		CEAD29CE19B8190B0087B151 /* GUButton.m */ = {isa = PBXFileReference; fileEncoding = 4; lastKnownFileType = sourcecode.c.objc; path = GUButton.m; sourceTree = "<group>"; };
		CEAD29D019B833260087B151 /* GUTextView.h */ = {isa = PBXFileReference; fileEncoding = 4; lastKnownFileType = sourcecode.c.h; path = GUTextView.h; sourceTree = "<group>"; };
		CEAD29D119B833260087B151 /* GUTextView.m */ = {isa = PBXFileReference; fileEncoding = 4; lastKnownFileType = sourcecode.c.objc; path = GUTextView.m; sourceTree = "<group>"; };
		CEAD29D319B83BF40087B151 /* GUImageView.h */ = {isa = PBXFileReference; fileEncoding = 4; lastKnownFileType = sourcecode.c.h; path = GUImageView.h; sourceTree = "<group>"; };
		CEAD29D419B83BF40087B151 /* GUImageView.m */ = {isa = PBXFileReference; fileEncoding = 4; lastKnownFileType = sourcecode.c.objc; path = GUImageView.m; sourceTree = "<group>"; };
		CEAD29D819B89EA70087B151 /* note.xsd */ = {isa = PBXFileReference; fileEncoding = 4; lastKnownFileType = text; path = note.xsd; sourceTree = "<group>"; };
		CEAD29DA19B89EC20087B151 /* note.xml */ = {isa = PBXFileReference; fileEncoding = 4; lastKnownFileType = text.xml; path = note.xml; sourceTree = "<group>"; };
		CEAD29DC19B89F220087B151 /* note.dtd */ = {isa = PBXFileReference; fileEncoding = 4; lastKnownFileType = text.xml; path = note.dtd; sourceTree = "<group>"; };
		CEF7632F19C1C69C004714C6 /* GUViewBinder.h */ = {isa = PBXFileReference; fileEncoding = 4; lastKnownFileType = sourcecode.c.h; path = GUViewBinder.h; sourceTree = "<group>"; };
		CEF7633019C1C69C004714C6 /* GUViewBinder.m */ = {isa = PBXFileReference; fileEncoding = 4; lastKnownFileType = sourcecode.c.objc; path = GUViewBinder.m; sourceTree = "<group>"; };
		CEF7633219C1C6EA004714C6 /* GUDataBinder.h */ = {isa = PBXFileReference; fileEncoding = 4; lastKnownFileType = sourcecode.c.h; path = GUDataBinder.h; sourceTree = "<group>"; };
		CEF7633319C1C6EA004714C6 /* GUDataBinder.m */ = {isa = PBXFileReference; fileEncoding = 4; lastKnownFileType = sourcecode.c.objc; path = GUDataBinder.m; sourceTree = "<group>"; };
/* End PBXFileReference section */

/* Begin PBXFrameworksBuildPhase section */
		A595DF95199BB97400DEA300 /* Frameworks */ = {
			isa = PBXFrameworksBuildPhase;
			buildActionMask = 2147483647;
			files = (
				A595DF9E199BB97400DEA300 /* CoreGraphics.framework in Frameworks */,
				A595DFA0199BB97400DEA300 /* UIKit.framework in Frameworks */,
				A595DF9C199BB97400DEA300 /* Foundation.framework in Frameworks */,
			);
			runOnlyForDeploymentPostprocessing = 0;
		};
		A595DFB9199BB97400DEA300 /* Frameworks */ = {
			isa = PBXFrameworksBuildPhase;
			buildActionMask = 2147483647;
			files = (
				A595DFBE199BB97400DEA300 /* XCTest.framework in Frameworks */,
				A595DFC0199BB97400DEA300 /* UIKit.framework in Frameworks */,
				A595DFBF199BB97400DEA300 /* Foundation.framework in Frameworks */,
			);
			runOnlyForDeploymentPostprocessing = 0;
		};
/* End PBXFrameworksBuildPhase section */

/* Begin PBXGroup section */
		A595DF8F199BB97400DEA300 = {
			isa = PBXGroup;
			children = (
				A595DFA1199BB97400DEA300 /* layout */,
				A595DFC3199BB97400DEA300 /* layoutTests */,
				A595DF9A199BB97400DEA300 /* Frameworks */,
				A595DF99199BB97400DEA300 /* Products */,
			);
			sourceTree = "<group>";
		};
		A595DF99199BB97400DEA300 /* Products */ = {
			isa = PBXGroup;
			children = (
				A595DF98199BB97400DEA300 /* layout.app */,
				A595DFBC199BB97400DEA300 /* layoutTests.xctest */,
			);
			name = Products;
			sourceTree = "<group>";
		};
		A595DF9A199BB97400DEA300 /* Frameworks */ = {
			isa = PBXGroup;
			children = (
				A595DF9B199BB97400DEA300 /* Foundation.framework */,
				A595DF9D199BB97400DEA300 /* CoreGraphics.framework */,
				A595DF9F199BB97400DEA300 /* UIKit.framework */,
				A595DFBD199BB97400DEA300 /* XCTest.framework */,
			);
			name = Frameworks;
			sourceTree = "<group>";
		};
		A595DFA1199BB97400DEA300 /* layout */ = {
			isa = PBXGroup;
			children = (
				CEAD29CC19B818770087B151 /* Puti */,
				CEAD29C919B80EC80087B151 /* UIColor+HexString.h */,
				CEAD29CA19B80EC80087B151 /* UIColor+HexString.m */,
				A595DFAA199BB97400DEA300 /* GUAppDelegate.h */,
				A595DFAB199BB97400DEA300 /* GUAppDelegate.m */,
				A595DFAD199BB97400DEA300 /* Main_iPhone.storyboard */,
				A595DFB0199BB97400DEA300 /* Main_iPad.storyboard */,
				A595DFB3199BB97400DEA300 /* GUViewController.h */,
				A595DFB4199BB97400DEA300 /* GUViewController.m */,
				A595DFB6199BB97400DEA300 /* Images.xcassets */,
				A595DFA2199BB97400DEA300 /* Supporting Files */,
				A595DFD5199BBACF00DEA300 /* GUFrameLayout.h */,
				A595DFD6199BBACF00DEA300 /* GUFrameLayout.m */,
				A595DFDD199BC75300DEA300 /* RelativeLayout.h */,
				A595DFDE199BC75300DEA300 /* RelativeLayout.m */,
				A595DFE6199BD0B000DEA300 /* LayoutParams.h */,
				A595DFE7199BD0B000DEA300 /* LayoutParams.m */,
				CE6FCDA919B9A6FA00D1A400 /* GUPerson.h */,
				CE6FCDAA19B9A6FA00D1A400 /* GUPerson.m */,
			);
			path = layout;
			sourceTree = "<group>";
		};
		A595DFA2199BB97400DEA300 /* Supporting Files */ = {
			isa = PBXGroup;
			children = (
				CEA8701F19B8BED20051C704 /* layout.xml */,
				A595DFA3199BB97400DEA300 /* layout-Info.plist */,
				A595DFA4199BB97400DEA300 /* InfoPlist.strings */,
				A595DFA7199BB97400DEA300 /* main.m */,
				A595DFA9199BB97400DEA300 /* layout-Prefix.pch */,
				A595DFD3199BBA8000DEA300 /* Home.xml */,
				A595DFDB199BC22400DEA300 /* ReplativeLayout.xml */,
				A57CDA6819B8D0CD00D3B5C9 /* market.xml */,
				CE6FCDA719B9A2EA00D1A400 /* Puti.xml */,
			);
			name = "Supporting Files";
			sourceTree = "<group>";
		};
		A595DFC3199BB97400DEA300 /* layoutTests */ = {
			isa = PBXGroup;
			children = (
				A595DFC9199BB97400DEA300 /* layoutTests.m */,
				A595DFC4199BB97400DEA300 /* Supporting Files */,
			);
			path = layoutTests;
			sourceTree = "<group>";
		};
		A595DFC4199BB97400DEA300 /* Supporting Files */ = {
			isa = PBXGroup;
			children = (
				A595DFC5199BB97400DEA300 /* layoutTests-Info.plist */,
				A595DFC6199BB97400DEA300 /* InfoPlist.strings */,
				CEAD29D819B89EA70087B151 /* note.xsd */,
				CEAD29DA19B89EC20087B151 /* note.xml */,
				CEAD29DC19B89F220087B151 /* note.dtd */,
			);
			name = "Supporting Files";
			sourceTree = "<group>";
		};
		CEAD29CC19B818770087B151 /* Puti */ = {
			isa = PBXGroup;
			children = (
				A5B7494F19BABCCE00CE5661 /* NSURL+Parameters.h */,
				A5B7495019BABCCE00CE5661 /* NSURL+Parameters.m */,
				A595DFE3199BC83B00DEA300 /* GUView.h */,
				A595DFE4199BC83B00DEA300 /* GUView.m */,
				CE50C99619B474F8000B7258 /* ViewInfalter.h */,
				CE50C99719B474F8000B7258 /* ViewInfalter.m */,
				CE46777319B5EA0F004D1B04 /* UIView+MathLayout.h */,
				CE46777419B5EA0F004D1B04 /* UIView+MathLayout.m */,
				CEAD29CD19B8190B0087B151 /* GUButton.h */,
				CEAD29CE19B8190B0087B151 /* GUButton.m */,
				CEAD29D019B833260087B151 /* GUTextView.h */,
				CEAD29D119B833260087B151 /* GUTextView.m */,
				CEAD29D319B83BF40087B151 /* GUImageView.h */,
				CEAD29D419B83BF40087B151 /* GUImageView.m */,
				CEA8701C19B8B4130051C704 /* GUViewFactory.h */,
				CEA8701D19B8B4130051C704 /* GUViewFactory.m */,
				CE6FCDA419B9928300D1A400 /* UIFont+Puti.h */,
				CE6FCDA519B9928300D1A400 /* UIFont+Puti.m */,
				A5B7494C19BA9D5F00CE5661 /* GUExpression.h */,
				A5B7494D19BA9D5F00CE5661 /* GUExpression.m */,
				CE526F9219C0730800FA685A /* GUTemplate.h */,
				CE526F9319C0730800FA685A /* GUTemplate.m */,
				A5CEE73519BAC70F004E24C1 /* GUImageFetcher.h */,
				A5CEE73619BAC70F004E24C1 /* GUImageFetcher.m */,
				CEF7632F19C1C69C004714C6 /* GUViewBinder.h */,
				CEF7633019C1C69C004714C6 /* GUViewBinder.m */,
				CEF7633219C1C6EA004714C6 /* GUDataBinder.h */,
				CEF7633319C1C6EA004714C6 /* GUDataBinder.m */,
			);
			name = Puti;
			sourceTree = "<group>";
		};
/* End PBXGroup section */

/* Begin PBXNativeTarget section */
		A595DF97199BB97400DEA300 /* layout */ = {
			isa = PBXNativeTarget;
			buildConfigurationList = A595DFCD199BB97400DEA300 /* Build configuration list for PBXNativeTarget "layout" */;
			buildPhases = (
				A595DF94199BB97400DEA300 /* Sources */,
				A595DF95199BB97400DEA300 /* Frameworks */,
				A595DF96199BB97400DEA300 /* Resources */,
			);
			buildRules = (
			);
			dependencies = (
			);
			name = layout;
			productName = layout;
			productReference = A595DF98199BB97400DEA300 /* layout.app */;
			productType = "com.apple.product-type.application";
		};
		A595DFBB199BB97400DEA300 /* layoutTests */ = {
			isa = PBXNativeTarget;
			buildConfigurationList = A595DFD0199BB97400DEA300 /* Build configuration list for PBXNativeTarget "layoutTests" */;
			buildPhases = (
				A595DFB8199BB97400DEA300 /* Sources */,
				A595DFB9199BB97400DEA300 /* Frameworks */,
				A595DFBA199BB97400DEA300 /* Resources */,
			);
			buildRules = (
			);
			dependencies = (
				A595DFC2199BB97400DEA300 /* PBXTargetDependency */,
			);
			name = layoutTests;
			productName = layoutTests;
			productReference = A595DFBC199BB97400DEA300 /* layoutTests.xctest */;
			productType = "com.apple.product-type.bundle.unit-test";
		};
/* End PBXNativeTarget section */

/* Begin PBXProject section */
		A595DF90199BB97400DEA300 /* Project object */ = {
			isa = PBXProject;
			attributes = {
				CLASSPREFIX = GU;
				LastUpgradeCheck = 0510;
				ORGANIZATIONNAME = baobao;
				TargetAttributes = {
					A595DFBB199BB97400DEA300 = {
						TestTargetID = A595DF97199BB97400DEA300;
					};
				};
			};
			buildConfigurationList = A595DF93199BB97400DEA300 /* Build configuration list for PBXProject "layout" */;
			compatibilityVersion = "Xcode 3.2";
			developmentRegion = English;
			hasScannedForEncodings = 0;
			knownRegions = (
				en,
				Base,
			);
			mainGroup = A595DF8F199BB97400DEA300;
			productRefGroup = A595DF99199BB97400DEA300 /* Products */;
			projectDirPath = "";
			projectRoot = "";
			targets = (
				A595DF97199BB97400DEA300 /* layout */,
				A595DFBB199BB97400DEA300 /* layoutTests */,
			);
		};
/* End PBXProject section */

/* Begin PBXResourcesBuildPhase section */
		A595DF96199BB97400DEA300 /* Resources */ = {
			isa = PBXResourcesBuildPhase;
			buildActionMask = 2147483647;
			files = (
				A595DFB2199BB97400DEA300 /* Main_iPad.storyboard in Resources */,
				CE6FCDA819B9A2EA00D1A400 /* Puti.xml in Resources */,
				A595DFB7199BB97400DEA300 /* Images.xcassets in Resources */,
				A595DFDC199BC22400DEA300 /* ReplativeLayout.xml in Resources */,
				A595DFD4199BBA8000DEA300 /* Home.xml in Resources */,
				A595DFAF199BB97400DEA300 /* Main_iPhone.storyboard in Resources */,
				A57CDA6919B8D0CD00D3B5C9 /* market.xml in Resources */,
				A595DFA6199BB97400DEA300 /* InfoPlist.strings in Resources */,
				CEA8702019B8BED20051C704 /* layout.xml in Resources */,
			);
			runOnlyForDeploymentPostprocessing = 0;
		};
		A595DFBA199BB97400DEA300 /* Resources */ = {
			isa = PBXResourcesBuildPhase;
			buildActionMask = 2147483647;
			files = (
				A595DFC8199BB97400DEA300 /* InfoPlist.strings in Resources */,
				CEAD29DB19B89EC20087B151 /* note.xml in Resources */,
				CEAD29DD19B89F220087B151 /* note.dtd in Resources */,
				CEAD29D919B89EA70087B151 /* note.xsd in Resources */,
			);
			runOnlyForDeploymentPostprocessing = 0;
		};
/* End PBXResourcesBuildPhase section */

/* Begin PBXSourcesBuildPhase section */
		A595DF94199BB97400DEA300 /* Sources */ = {
			isa = PBXSourcesBuildPhase;
			buildActionMask = 2147483647;
			files = (
				CEAD29CB19B80EC80087B151 /* UIColor+HexString.m in Sources */,
				CE526F9419C0730800FA685A /* GUTemplate.m in Sources */,
				CEA8701E19B8B4130051C704 /* GUViewFactory.m in Sources */,
				CEF7633419C1C6EA004714C6 /* GUDataBinder.m in Sources */,
				CEAD29CF19B8190B0087B151 /* GUButton.m in Sources */,
				A595DFAC199BB97400DEA300 /* GUAppDelegate.m in Sources */,
				A5CEE73719BAC70F004E24C1 /* GUImageFetcher.m in Sources */,
				CE6FCDA619B9928300D1A400 /* UIFont+Puti.m in Sources */,
				CE46777519B5EA0F004D1B04 /* UIView+MathLayout.m in Sources */,
				A595DFB5199BB97400DEA300 /* GUViewController.m in Sources */,
				A5B7494E19BA9D5F00CE5661 /* GUExpression.m in Sources */,
				A595DFE5199BC83B00DEA300 /* GUView.m in Sources */,
				CE6FCDAB19B9A6FA00D1A400 /* GUPerson.m in Sources */,
				A5B7495119BABCCE00CE5661 /* NSURL+Parameters.m in Sources */,
				A595DFDF199BC75300DEA300 /* RelativeLayout.m in Sources */,
				CEAD29D219B833260087B151 /* GUTextView.m in Sources */,
				A595DFA8199BB97400DEA300 /* main.m in Sources */,
				CEAD29D519B83BF40087B151 /* GUImageView.m in Sources */,
				CEF7633119C1C69C004714C6 /* GUViewBinder.m in Sources */,
				A595DFE8199BD0B000DEA300 /* LayoutParams.m in Sources */,
				A595DFD7199BBACF00DEA300 /* GUFrameLayout.m in Sources */,
				CE50C99819B474F8000B7258 /* ViewInfalter.m in Sources */,
			);
			runOnlyForDeploymentPostprocessing = 0;
		};
		A595DFB8199BB97400DEA300 /* Sources */ = {
			isa = PBXSourcesBuildPhase;
			buildActionMask = 2147483647;
			files = (
				A595DFCA199BB97400DEA300 /* layoutTests.m in Sources */,
			);
			runOnlyForDeploymentPostprocessing = 0;
		};
/* End PBXSourcesBuildPhase section */

/* Begin PBXTargetDependency section */
		A595DFC2199BB97400DEA300 /* PBXTargetDependency */ = {
			isa = PBXTargetDependency;
			target = A595DF97199BB97400DEA300 /* layout */;
			targetProxy = A595DFC1199BB97400DEA300 /* PBXContainerItemProxy */;
		};
/* End PBXTargetDependency section */

/* Begin PBXVariantGroup section */
		A595DFA4199BB97400DEA300 /* InfoPlist.strings */ = {
			isa = PBXVariantGroup;
			children = (
				A595DFA5199BB97400DEA300 /* en */,
			);
			name = InfoPlist.strings;
			sourceTree = "<group>";
		};
		A595DFAD199BB97400DEA300 /* Main_iPhone.storyboard */ = {
			isa = PBXVariantGroup;
			children = (
				A595DFAE199BB97400DEA300 /* Base */,
			);
			name = Main_iPhone.storyboard;
			sourceTree = "<group>";
		};
		A595DFB0199BB97400DEA300 /* Main_iPad.storyboard */ = {
			isa = PBXVariantGroup;
			children = (
				A595DFB1199BB97400DEA300 /* Base */,
			);
			name = Main_iPad.storyboard;
			sourceTree = "<group>";
		};
		A595DFC6199BB97400DEA300 /* InfoPlist.strings */ = {
			isa = PBXVariantGroup;
			children = (
				A595DFC7199BB97400DEA300 /* en */,
			);
			name = InfoPlist.strings;
			sourceTree = "<group>";
		};
/* End PBXVariantGroup section */

/* Begin XCBuildConfiguration section */
		A595DFCB199BB97400DEA300 /* Debug */ = {
			isa = XCBuildConfiguration;
			buildSettings = {
				ALWAYS_SEARCH_USER_PATHS = NO;
				CLANG_CXX_LANGUAGE_STANDARD = "gnu++0x";
				CLANG_CXX_LIBRARY = "libc++";
				CLANG_ENABLE_MODULES = YES;
				CLANG_ENABLE_OBJC_ARC = YES;
				CLANG_WARN_BOOL_CONVERSION = YES;
				CLANG_WARN_CONSTANT_CONVERSION = YES;
				CLANG_WARN_DIRECT_OBJC_ISA_USAGE = YES_ERROR;
				CLANG_WARN_EMPTY_BODY = YES;
				CLANG_WARN_ENUM_CONVERSION = YES;
				CLANG_WARN_INT_CONVERSION = YES;
				CLANG_WARN_OBJC_ROOT_CLASS = YES_ERROR;
				CLANG_WARN__DUPLICATE_METHOD_MATCH = YES;
				"CODE_SIGN_IDENTITY[sdk=iphoneos*]" = "iPhone Developer";
				COPY_PHASE_STRIP = NO;
				GCC_C_LANGUAGE_STANDARD = gnu99;
				GCC_DYNAMIC_NO_PIC = NO;
				GCC_OPTIMIZATION_LEVEL = 0;
				GCC_PREPROCESSOR_DEFINITIONS = (
					"DEBUG=1",
					"$(inherited)",
				);
				GCC_SYMBOLS_PRIVATE_EXTERN = NO;
				GCC_WARN_64_TO_32_BIT_CONVERSION = YES;
				GCC_WARN_ABOUT_RETURN_TYPE = YES_ERROR;
				GCC_WARN_UNDECLARED_SELECTOR = YES;
				GCC_WARN_UNINITIALIZED_AUTOS = YES_AGGRESSIVE;
				GCC_WARN_UNUSED_FUNCTION = YES;
				GCC_WARN_UNUSED_VARIABLE = YES;
				IPHONEOS_DEPLOYMENT_TARGET = 7.1;
				ONLY_ACTIVE_ARCH = YES;
				SDKROOT = iphoneos;
				TARGETED_DEVICE_FAMILY = "1,2";
			};
			name = Debug;
		};
		A595DFCC199BB97400DEA300 /* Release */ = {
			isa = XCBuildConfiguration;
			buildSettings = {
				ALWAYS_SEARCH_USER_PATHS = NO;
				CLANG_CXX_LANGUAGE_STANDARD = "gnu++0x";
				CLANG_CXX_LIBRARY = "libc++";
				CLANG_ENABLE_MODULES = YES;
				CLANG_ENABLE_OBJC_ARC = YES;
				CLANG_WARN_BOOL_CONVERSION = YES;
				CLANG_WARN_CONSTANT_CONVERSION = YES;
				CLANG_WARN_DIRECT_OBJC_ISA_USAGE = YES_ERROR;
				CLANG_WARN_EMPTY_BODY = YES;
				CLANG_WARN_ENUM_CONVERSION = YES;
				CLANG_WARN_INT_CONVERSION = YES;
				CLANG_WARN_OBJC_ROOT_CLASS = YES_ERROR;
				CLANG_WARN__DUPLICATE_METHOD_MATCH = YES;
				"CODE_SIGN_IDENTITY[sdk=iphoneos*]" = "iPhone Developer";
				COPY_PHASE_STRIP = YES;
				ENABLE_NS_ASSERTIONS = NO;
				GCC_C_LANGUAGE_STANDARD = gnu99;
				GCC_WARN_64_TO_32_BIT_CONVERSION = YES;
				GCC_WARN_ABOUT_RETURN_TYPE = YES_ERROR;
				GCC_WARN_UNDECLARED_SELECTOR = YES;
				GCC_WARN_UNINITIALIZED_AUTOS = YES_AGGRESSIVE;
				GCC_WARN_UNUSED_FUNCTION = YES;
				GCC_WARN_UNUSED_VARIABLE = YES;
				IPHONEOS_DEPLOYMENT_TARGET = 7.1;
				SDKROOT = iphoneos;
				TARGETED_DEVICE_FAMILY = "1,2";
				VALIDATE_PRODUCT = YES;
			};
			name = Release;
		};
		A595DFCE199BB97400DEA300 /* Debug */ = {
			isa = XCBuildConfiguration;
			buildSettings = {
				ASSETCATALOG_COMPILER_APPICON_NAME = AppIcon;
				ASSETCATALOG_COMPILER_LAUNCHIMAGE_NAME = LaunchImage;
				GCC_PRECOMPILE_PREFIX_HEADER = YES;
				GCC_PREFIX_HEADER = "layout/layout-Prefix.pch";
				INFOPLIST_FILE = "layout/layout-Info.plist";
				PRODUCT_NAME = "$(TARGET_NAME)";
				WRAPPER_EXTENSION = app;
			};
			name = Debug;
		};
		A595DFCF199BB97400DEA300 /* Release */ = {
			isa = XCBuildConfiguration;
			buildSettings = {
				ASSETCATALOG_COMPILER_APPICON_NAME = AppIcon;
				ASSETCATALOG_COMPILER_LAUNCHIMAGE_NAME = LaunchImage;
				GCC_PRECOMPILE_PREFIX_HEADER = YES;
				GCC_PREFIX_HEADER = "layout/layout-Prefix.pch";
				INFOPLIST_FILE = "layout/layout-Info.plist";
				PRODUCT_NAME = "$(TARGET_NAME)";
				WRAPPER_EXTENSION = app;
			};
			name = Release;
		};
		A595DFD1199BB97400DEA300 /* Debug */ = {
			isa = XCBuildConfiguration;
			buildSettings = {
				BUNDLE_LOADER = "$(BUILT_PRODUCTS_DIR)/layout.app/layout";
				FRAMEWORK_SEARCH_PATHS = (
					"$(SDKROOT)/Developer/Library/Frameworks",
					"$(inherited)",
					"$(DEVELOPER_FRAMEWORKS_DIR)",
				);
				GCC_PRECOMPILE_PREFIX_HEADER = YES;
				GCC_PREFIX_HEADER = "layout/layout-Prefix.pch";
				GCC_PREPROCESSOR_DEFINITIONS = (
					"DEBUG=1",
					"$(inherited)",
				);
				INFOPLIST_FILE = "layoutTests/layoutTests-Info.plist";
				PRODUCT_NAME = "$(TARGET_NAME)";
				TEST_HOST = "$(BUNDLE_LOADER)";
				WRAPPER_EXTENSION = xctest;
			};
			name = Debug;
		};
		A595DFD2199BB97400DEA300 /* Release */ = {
			isa = XCBuildConfiguration;
			buildSettings = {
				BUNDLE_LOADER = "$(BUILT_PRODUCTS_DIR)/layout.app/layout";
				FRAMEWORK_SEARCH_PATHS = (
					"$(SDKROOT)/Developer/Library/Frameworks",
					"$(inherited)",
					"$(DEVELOPER_FRAMEWORKS_DIR)",
				);
				GCC_PRECOMPILE_PREFIX_HEADER = YES;
				GCC_PREFIX_HEADER = "layout/layout-Prefix.pch";
				INFOPLIST_FILE = "layoutTests/layoutTests-Info.plist";
				PRODUCT_NAME = "$(TARGET_NAME)";
				TEST_HOST = "$(BUNDLE_LOADER)";
				WRAPPER_EXTENSION = xctest;
			};
			name = Release;
		};
/* End XCBuildConfiguration section */

/* Begin XCConfigurationList section */
		A595DF93199BB97400DEA300 /* Build configuration list for PBXProject "layout" */ = {
			isa = XCConfigurationList;
			buildConfigurations = (
				A595DFCB199BB97400DEA300 /* Debug */,
				A595DFCC199BB97400DEA300 /* Release */,
			);
			defaultConfigurationIsVisible = 0;
			defaultConfigurationName = Release;
		};
		A595DFCD199BB97400DEA300 /* Build configuration list for PBXNativeTarget "layout" */ = {
			isa = XCConfigurationList;
			buildConfigurations = (
				A595DFCE199BB97400DEA300 /* Debug */,
				A595DFCF199BB97400DEA300 /* Release */,
			);
			defaultConfigurationIsVisible = 0;
			defaultConfigurationName = Release;
		};
		A595DFD0199BB97400DEA300 /* Build configuration list for PBXNativeTarget "layoutTests" */ = {
			isa = XCConfigurationList;
			buildConfigurations = (
				A595DFD1199BB97400DEA300 /* Debug */,
				A595DFD2199BB97400DEA300 /* Release */,
			);
			defaultConfigurationIsVisible = 0;
			defaultConfigurationName = Release;
		};
/* End XCConfigurationList section */
	};
	rootObject = A595DF90199BB97400DEA300 /* Project object */;
}
